
Microsoft Visual Studio Solution File, Format Version 12.00
# Visual Studio 14
VisualStudioVersion = 14.0.25420.1
MinimumVisualStudioVersion = 10.0.40219.1
Project("{FAE04EC0-301F-11D3-BF4B-00C04F79EFBC}") = "AGROHerramientas", "AGROHerramientas\AGROHerramientas.csproj", "{C65BCF56-046A-496B-8FF4-4B937188FEF9}"
EndProject
Project("{FAE04EC0-301F-11D3-BF4B-00C04F79EFBC}") = "MisControles", "MisControles\MisControles.csproj", "{B705E46E-D286-4FE7-819D-C1334A389AF5}"
EndProject
Project("{FAE04EC0-301F-11D3-BF4B-00C04F79EFBC}") = "Comun", "Comun\Comun.csproj", "{D723861B-13A9-4009-8AA1-060BAFB4A654}"
EndProject
Project("{FAE04EC0-301F-11D3-BF4B-00C04F79EFBC}") = "Conexiones", "Conexiones\Conexiones.csproj", "{F4199962-8035-418A-B81B-119FED6A0064}"
EndProject
Project("{54435603-DBB4-11D2-8724-00A0C9A8B90C}") = "Setup", "Setup\Setup.vdproj", "{1FA86A53-3420-49DD-B5D8-27A5A28EBBE5}"
EndProject
Global
	GlobalSection(SolutionConfigurationPlatforms) = preSolution
		Debug|Any CPU = Debug|Any CPU
		Release|Any CPU = Release|Any CPU
	EndGlobalSection
	GlobalSection(ProjectConfigurationPlatforms) = postSolution
		{C65BCF56-046A-496B-8FF4-4B937188FEF9}.Debug|Any CPU.ActiveCfg = Debug|Any CPU
		{C65BCF56-046A-496B-8FF4-4B937188FEF9}.Debug|Any CPU.Build.0 = Debug|Any CPU
		{C65BCF56-046A-496B-8FF4-4B937188FEF9}.Release|Any CPU.ActiveCfg = Release|Any CPU
		{C65BCF56-046A-496B-8FF4-4B937188FEF9}.Release|Any CPU.Build.0 = Release|Any CPU
		{B705E46E-D286-4FE7-819D-C1334A389AF5}.Debug|Any CPU.ActiveCfg = Debug|Any CPU
		{B705E46E-D286-4FE7-819D-C1334A389AF5}.Debug|Any CPU.Build.0 = Debug|Any CPU
		{B705E46E-D286-4FE7-819D-C1334A389AF5}.Release|Any CPU.ActiveCfg = Release|Any CPU
		{B705E46E-D286-4FE7-819D-C1334A389AF5}.Release|Any CPU.Build.0 = Release|Any CPU
		{D723861B-13A9-4009-8AA1-060BAFB4A654}.Debug|Any CPU.ActiveCfg = Debug|Any CPU
		{D723861B-13A9-4009-8AA1-060BAFB4A654}.Debug|Any CPU.Build.0 = Debug|Any CPU
		{D723861B-13A9-4009-8AA1-060BAFB4A654}.Release|Any CPU.ActiveCfg = Release|Any CPU
		{D723861B-13A9-4009-8AA1-060BAFB4A654}.Release|Any CPU.Build.0 = Release|Any CPU
		{F4199962-8035-418A-B81B-119FED6A0064}.Debug|Any CPU.ActiveCfg = Debug|Any CPU
		{F4199962-8035-418A-B81B-119FED6A0064}.Debug|Any CPU.Build.0 = Debug|Any CPU
		{F4199962-8035-418A-B81B-119FED6A0064}.Release|Any CPU.ActiveCfg = Release|Any CPU
		{F4199962-8035-418A-B81B-119FED6A0064}.Release|Any CPU.Build.0 = Release|Any CPU
		{1FA86A53-3420-49DD-B5D8-27A5A28EBBE5}.Debug|Any CPU.ActiveCfg = Debug
		{1FA86A53-3420-49DD-B5D8-27A5A28EBBE5}.Release|Any CPU.ActiveCfg = Release
	EndGlobalSection
	GlobalSection(SolutionProperties) = preSolution
		HideSolutionNode = FALSE
	EndGlobalSection
EndGlobal
